
Microsoft Visual Studio Solution File, Format Version 12.00
# Visual Studio Version 17
VisualStudioVersion = 17.10.35122.118
MinimumVisualStudioVersion = 10.0.40219.1
Project("{FAE04EC0-301F-11D3-BF4B-00C04F79EFBC}") = "MoviesWebAPI", "MoviesWebAPI\MoviesWebAPI.csproj", "{2938B054-4F50-4042-93C3-C20E43638BF5}"
EndProject
Global
	GlobalSection(SolutionConfigurationPlatforms) = preSolution
		Debug|Any CPU = Debug|Any CPU
		Release|Any CPU = Release|Any CPU
	EndGlobalSection
	GlobalSection(ProjectConfigurationPlatforms) = postSolution
		{2938B054-4F50-4042-93C3-C20E43638BF5}.Debug|Any CPU.ActiveCfg = Debug|Any CPU
		{2938B054-4F50-4042-93C3-C20E43638BF5}.Debug|Any CPU.Build.0 = Debug|Any CPU
		{2938B054-4F50-4042-93C3-C20E43638BF5}.Release|Any CPU.ActiveCfg = Release|Any CPU
		{2938B054-4F50-4042-93C3-C20E43638BF5}.Release|Any CPU.Build.0 = Release|Any CPU
	EndGlobalSection
	GlobalSection(SolutionProperties) = preSolution
		HideSolutionNode = FALSE
	EndGlobalSection
	GlobalSection(ExtensibilityGlobals) = postSolution
		SolutionGuid = {617FC6A3-395B-4C55-86D1-60B41D863D91}
	EndGlobalSection
EndGlobal
